
Microsoft Visual Studio Solution File, Format Version 12.00
# Visual Studio Version 16
VisualStudioVersion = 16.0.30709.132
MinimumVisualStudioVersion = 10.0.40219.1
Project("{FAE04EC0-301F-11D3-BF4B-00C04F79EFBC}") = "Delio_voivoda", "Delio_voivoda\Delio_voivoda.csproj", "{EBFF31CA-D4A6-449A-ABB7-89E91BEDF54D}"
EndProject
Global
	GlobalSection(SolutionConfigurationPlatforms) = preSolution
		Debug|Any CPU = Debug|Any CPU
		Release|Any CPU = Release|Any CPU
	EndGlobalSection
	GlobalSection(ProjectConfigurationPlatforms) = postSolution
		{EBFF31CA-D4A6-449A-ABB7-89E91BEDF54D}.Debug|Any CPU.ActiveCfg = Debug|Any CPU
		{EBFF31CA-D4A6-449A-ABB7-89E91BEDF54D}.Debug|Any CPU.Build.0 = Debug|Any CPU
		{EBFF31CA-D4A6-449A-ABB7-89E91BEDF54D}.Release|Any CPU.ActiveCfg = Release|Any CPU
		{EBFF31CA-D4A6-449A-ABB7-89E91BEDF54D}.Release|Any CPU.Build.0 = Release|Any CPU
	EndGlobalSection
	GlobalSection(SolutionProperties) = preSolution
		HideSolutionNode = FALSE
	EndGlobalSection
	GlobalSection(ExtensibilityGlobals) = postSolution
		SolutionGuid = {BE46932F-7F66-457F-A87D-D126D20CD3C6}
	EndGlobalSection
EndGlobal
